
Microsoft Visual Studio Solution File, Format Version 12.00
# Visual Studio Version 17
VisualStudioVersion = 17.2.32630.192
MinimumVisualStudioVersion = 10.0.40219.1
Project("{FAE04EC0-301F-11D3-BF4B-00C04F79EFBC}") = "SF2022User{NN}Lib", "SF2022User{NN}Lib\SF2022User{NN}Lib.csproj", "{8218DD86-D590-46C3-AE13-D538CCBC2AF4}"
EndProject
Project("{FAE04EC0-301F-11D3-BF4B-00C04F79EFBC}") = "TestProject1", "TestProject1\TestProject1.csproj", "{FC4AE668-EE6B-48C5-AB05-3888CCA9BAF2}"
EndProject
Global
	GlobalSection(SolutionConfigurationPlatforms) = preSolution
		Debug|Any CPU = Debug|Any CPU
		Release|Any CPU = Release|Any CPU
	EndGlobalSection
	GlobalSection(ProjectConfigurationPlatforms) = postSolution
		{8218DD86-D590-46C3-AE13-D538CCBC2AF4}.Debug|Any CPU.ActiveCfg = Debug|Any CPU
		{8218DD86-D590-46C3-AE13-D538CCBC2AF4}.Debug|Any CPU.Build.0 = Debug|Any CPU
		{8218DD86-D590-46C3-AE13-D538CCBC2AF4}.Release|Any CPU.ActiveCfg = Release|Any CPU
		{8218DD86-D590-46C3-AE13-D538CCBC2AF4}.Release|Any CPU.Build.0 = Release|Any CPU
		{FC4AE668-EE6B-48C5-AB05-3888CCA9BAF2}.Debug|Any CPU.ActiveCfg = Debug|Any CPU
		{FC4AE668-EE6B-48C5-AB05-3888CCA9BAF2}.Debug|Any CPU.Build.0 = Debug|Any CPU
		{FC4AE668-EE6B-48C5-AB05-3888CCA9BAF2}.Release|Any CPU.ActiveCfg = Release|Any CPU
		{FC4AE668-EE6B-48C5-AB05-3888CCA9BAF2}.Release|Any CPU.Build.0 = Release|Any CPU
	EndGlobalSection
	GlobalSection(SolutionProperties) = preSolution
		HideSolutionNode = FALSE
	EndGlobalSection
	GlobalSection(ExtensibilityGlobals) = postSolution
		SolutionGuid = {B0D699C6-5CF1-4F07-9BBF-B83937CFA001}
	EndGlobalSection
EndGlobal
